
Microsoft Visual Studio Solution File, Format Version 12.00
# Visual Studio 15
VisualStudioVersion = 15.0.26730.16
MinimumVisualStudioVersion = 10.0.40219.1
Project("{FAE04EC0-301F-11D3-BF4B-00C04F79EFBC}") = "AntiLock", "AntiLock\AntiLock.csproj", "{008F5D92-3F12-4851-9EF3-19F9086C51E9}"
EndProject
Global
	GlobalSection(SolutionConfigurationPlatforms) = preSolution
		Debug|Any CPU = Debug|Any CPU
		Release|Any CPU = Release|Any CPU
	EndGlobalSection
	GlobalSection(ProjectConfigurationPlatforms) = postSolution
		{008F5D92-3F12-4851-9EF3-19F9086C51E9}.Debug|Any CPU.ActiveCfg = Debug|Any CPU
		{008F5D92-3F12-4851-9EF3-19F9086C51E9}.Debug|Any CPU.Build.0 = Debug|Any CPU
		{008F5D92-3F12-4851-9EF3-19F9086C51E9}.Release|Any CPU.ActiveCfg = Release|Any CPU
		{008F5D92-3F12-4851-9EF3-19F9086C51E9}.Release|Any CPU.Build.0 = Release|Any CPU
	EndGlobalSection
	GlobalSection(SolutionProperties) = preSolution
		HideSolutionNode = FALSE
	EndGlobalSection
	GlobalSection(ExtensibilityGlobals) = postSolution
		SolutionGuid = {2E265139-00EF-4C5B-B0A5-34699DB195A8}
	EndGlobalSection
EndGlobal
